// !$*UTF8*$!
{
	archiveVersion = 1;
	classes = {
	};
	objectVersion = 50;
	objects = {

/* Begin PBXBuildFile section */
		0C588DF322049B76007433EC /* AppDelegate.swift in Sources */ = {isa = PBXBuildFile; fileRef = 0C588DF222049B76007433EC /* AppDelegate.swift */; };
		0C588DF522049B76007433EC /* ViewController.swift in Sources */ = {isa = PBXBuildFile; fileRef = 0C588DF422049B76007433EC /* ViewController.swift */; };
		0C588DF822049B76007433EC /* Main.storyboard in Resources */ = {isa = PBXBuildFile; fileRef = 0C588DF622049B76007433EC /* Main.storyboard */; };
		0C588DFB22049B76007433EC /* UNIHub_beta.xcdatamodeld in Sources */ = {isa = PBXBuildFile; fileRef = 0C588DF922049B76007433EC /* UNIHub_beta.xcdatamodeld */; };
		0C588DFD22049B79007433EC /* Assets.xcassets in Resources */ = {isa = PBXBuildFile; fileRef = 0C588DFC22049B79007433EC /* Assets.xcassets */; };
		0C588E0022049B79007433EC /* LaunchScreen.storyboard in Resources */ = {isa = PBXBuildFile; fileRef = 0C588DFE22049B79007433EC /* LaunchScreen.storyboard */; };
		0C588E0B22049B79007433EC /* UNIHub_betaTests.swift in Sources */ = {isa = PBXBuildFile; fileRef = 0C588E0A22049B79007433EC /* UNIHub_betaTests.swift */; };
		0C588E1622049B79007433EC /* UNIHub_betaUITests.swift in Sources */ = {isa = PBXBuildFile; fileRef = 0C588E1522049B79007433EC /* UNIHub_betaUITests.swift */; };
		0CDA3B1C22049D99000F329A /* GoogleService-Info.plist in Resources */ = {isa = PBXBuildFile; fileRef = 0CDA3B1B22049D99000F329A /* GoogleService-Info.plist */; };
		0CDA3B1D22049D99000F329A /* GoogleService-Info.plist in Resources */ = {isa = PBXBuildFile; fileRef = 0CDA3B1B22049D99000F329A /* GoogleService-Info.plist */; };
		0CDA3B1E22049D99000F329A /* GoogleService-Info.plist in Resources */ = {isa = PBXBuildFile; fileRef = 0CDA3B1B22049D99000F329A /* GoogleService-Info.plist */; };
		2D57FCC022049F6D00F2AB7D /* LogInViewController.swift in Sources */ = {isa = PBXBuildFile; fileRef = 2D57FCBF22049F6D00F2AB7D /* LogInViewController.swift */; };
		2D57FCC222049FD400F2AB7D /* SignUpViewController.swift in Sources */ = {isa = PBXBuildFile; fileRef = 2D57FCC122049FD400F2AB7D /* SignUpViewController.swift */; };
		2D57FCC42204A00F00F2AB7D /* ApplicantProfileViewController.swift in Sources */ = {isa = PBXBuildFile; fileRef = 2D57FCC32204A00F00F2AB7D /* ApplicantProfileViewController.swift */; };
		2D57FCC62204A0C500F2AB7D /* MainMenuViewController.swift in Sources */ = {isa = PBXBuildFile; fileRef = 2D57FCC52204A0C500F2AB7D /* MainMenuViewController.swift */; };
		2D57FCC82204A12400F2AB7D /* CalendarViewController.swift in Sources */ = {isa = PBXBuildFile; fileRef = 2D57FCC72204A12400F2AB7D /* CalendarViewController.swift */; };
		2D57FCCA2204A16A00F2AB7D /* ChecklistViewController.swift in Sources */ = {isa = PBXBuildFile; fileRef = 2D57FCC92204A16A00F2AB7D /* ChecklistViewController.swift */; };
		2D57FCCC2204A19200F2AB7D /* CollegeProfileViewController.swift in Sources */ = {isa = PBXBuildFile; fileRef = 2D57FCCB2204A19200F2AB7D /* CollegeProfileViewController.swift */; };
		47C039167D896978AB160F55 /* Pods_UNIHub_beta.framework in Frameworks */ = {isa = PBXBuildFile; fileRef = 4DC81BD023E04769601F5144 /* Pods_UNIHub_beta.framework */; };
/* End PBXBuildFile section */

/* Begin PBXContainerItemProxy section */
		0C588E0722049B79007433EC /* PBXContainerItemProxy */ = {
			isa = PBXContainerItemProxy;
			containerPortal = 0C588DE722049B75007433EC /* Project object */;
			proxyType = 1;
			remoteGlobalIDString = 0C588DEE22049B75007433EC;
			remoteInfo = "UNIHub beta";
		};
		0C588E1222049B79007433EC /* PBXContainerItemProxy */ = {
			isa = PBXContainerItemProxy;
			containerPortal = 0C588DE722049B75007433EC /* Project object */;
			proxyType = 1;
			remoteGlobalIDString = 0C588DEE22049B75007433EC;
			remoteInfo = "UNIHub beta";
		};
/* End PBXContainerItemProxy section */

/* Begin PBXFileReference section */
		0C588DEF22049B75007433EC /* UNIHub beta.app */ = {isa = PBXFileReference; explicitFileType = wrapper.application; includeInIndex = 0; path = "UNIHub beta.app"; sourceTree = BUILT_PRODUCTS_DIR; };
		0C588DF222049B76007433EC /* AppDelegate.swift */ = {isa = PBXFileReference; lastKnownFileType = sourcecode.swift; path = AppDelegate.swift; sourceTree = "<group>"; };
		0C588DF422049B76007433EC /* ViewController.swift */ = {isa = PBXFileReference; lastKnownFileType = sourcecode.swift; path = ViewController.swift; sourceTree = "<group>"; };
		0C588DF722049B76007433EC /* Base */ = {isa = PBXFileReference; lastKnownFileType = file.storyboard; name = Base; path = Base.lproj/Main.storyboard; sourceTree = "<group>"; };
		0C588DFA22049B76007433EC /* UNIHub_beta.xcdatamodel */ = {isa = PBXFileReference; lastKnownFileType = wrapper.xcdatamodel; path = UNIHub_beta.xcdatamodel; sourceTree = "<group>"; };
		0C588DFC22049B79007433EC /* Assets.xcassets */ = {isa = PBXFileReference; lastKnownFileType = folder.assetcatalog; path = Assets.xcassets; sourceTree = "<group>"; };
		0C588DFF22049B79007433EC /* Base */ = {isa = PBXFileReference; lastKnownFileType = file.storyboard; name = Base; path = Base.lproj/LaunchScreen.storyboard; sourceTree = "<group>"; };
		0C588E0122049B79007433EC /* Info.plist */ = {isa = PBXFileReference; lastKnownFileType = text.plist.xml; path = Info.plist; sourceTree = "<group>"; };
		0C588E0622049B79007433EC /* UNIHub betaTests.xctest */ = {isa = PBXFileReference; explicitFileType = wrapper.cfbundle; includeInIndex = 0; path = "UNIHub betaTests.xctest"; sourceTree = BUILT_PRODUCTS_DIR; };
		0C588E0A22049B79007433EC /* UNIHub_betaTests.swift */ = {isa = PBXFileReference; lastKnownFileType = sourcecode.swift; path = UNIHub_betaTests.swift; sourceTree = "<group>"; };
		0C588E0C22049B79007433EC /* Info.plist */ = {isa = PBXFileReference; lastKnownFileType = text.plist.xml; path = Info.plist; sourceTree = "<group>"; };
		0C588E1122049B79007433EC /* UNIHub betaUITests.xctest */ = {isa = PBXFileReference; explicitFileType = wrapper.cfbundle; includeInIndex = 0; path = "UNIHub betaUITests.xctest"; sourceTree = BUILT_PRODUCTS_DIR; };
		0C588E1522049B79007433EC /* UNIHub_betaUITests.swift */ = {isa = PBXFileReference; lastKnownFileType = sourcecode.swift; path = UNIHub_betaUITests.swift; sourceTree = "<group>"; };
		0C588E1722049B79007433EC /* Info.plist */ = {isa = PBXFileReference; lastKnownFileType = text.plist.xml; path = Info.plist; sourceTree = "<group>"; };
		0CDA3B1B22049D99000F329A /* GoogleService-Info.plist */ = {isa = PBXFileReference; fileEncoding = 4; lastKnownFileType = text.plist.xml; path = "GoogleService-Info.plist"; sourceTree = "<group>"; };
		2D57FCBF22049F6D00F2AB7D /* LogInViewController.swift */ = {isa = PBXFileReference; lastKnownFileType = sourcecode.swift; path = LogInViewController.swift; sourceTree = "<group>"; };
		2D57FCC122049FD400F2AB7D /* SignUpViewController.swift */ = {isa = PBXFileReference; lastKnownFileType = sourcecode.swift; path = SignUpViewController.swift; sourceTree = "<group>"; };
		2D57FCC32204A00F00F2AB7D /* ApplicantProfileViewController.swift */ = {isa = PBXFileReference; lastKnownFileType = sourcecode.swift; path = ApplicantProfileViewController.swift; sourceTree = "<group>"; };
		2D57FCC52204A0C500F2AB7D /* MainMenuViewController.swift */ = {isa = PBXFileReference; lastKnownFileType = sourcecode.swift; path = MainMenuViewController.swift; sourceTree = "<group>"; };
		2D57FCC72204A12400F2AB7D /* CalendarViewController.swift */ = {isa = PBXFileReference; lastKnownFileType = sourcecode.swift; path = CalendarViewController.swift; sourceTree = "<group>"; };
		2D57FCC92204A16A00F2AB7D /* ChecklistViewController.swift */ = {isa = PBXFileReference; lastKnownFileType = sourcecode.swift; path = ChecklistViewController.swift; sourceTree = "<group>"; };
		2D57FCCB2204A19200F2AB7D /* CollegeProfileViewController.swift */ = {isa = PBXFileReference; lastKnownFileType = sourcecode.swift; path = CollegeProfileViewController.swift; sourceTree = "<group>"; };
		3A7603F081FC770805788AC5 /* Pods-UNIHub beta.debug.xcconfig */ = {isa = PBXFileReference; includeInIndex = 1; lastKnownFileType = text.xcconfig; name = "Pods-UNIHub beta.debug.xcconfig"; path = "Pods/Target Support Files/Pods-UNIHub beta/Pods-UNIHub beta.debug.xcconfig"; sourceTree = "<group>"; };
		4DC81BD023E04769601F5144 /* Pods_UNIHub_beta.framework */ = {isa = PBXFileReference; explicitFileType = wrapper.framework; includeInIndex = 0; path = Pods_UNIHub_beta.framework; sourceTree = BUILT_PRODUCTS_DIR; };
		821DF62333C23EEF12B5F9B1 /* Pods-UNIHub beta.release.xcconfig */ = {isa = PBXFileReference; includeInIndex = 1; lastKnownFileType = text.xcconfig; name = "Pods-UNIHub beta.release.xcconfig"; path = "Pods/Target Support Files/Pods-UNIHub beta/Pods-UNIHub beta.release.xcconfig"; sourceTree = "<group>"; };
/* End PBXFileReference section */

/* Begin PBXFrameworksBuildPhase section */
		0C588DEC22049B75007433EC /* Frameworks */ = {
			isa = PBXFrameworksBuildPhase;
			buildActionMask = 2147483647;
			files = (
				47C039167D896978AB160F55 /* Pods_UNIHub_beta.framework in Frameworks */,
			);
			runOnlyForDeploymentPostprocessing = 0;
		};
		0C588E0322049B79007433EC /* Frameworks */ = {
			isa = PBXFrameworksBuildPhase;
			buildActionMask = 2147483647;
			files = (
			);
			runOnlyForDeploymentPostprocessing = 0;
		};
		0C588E0E22049B79007433EC /* Frameworks */ = {
			isa = PBXFrameworksBuildPhase;
			buildActionMask = 2147483647;
			files = (
			);
			runOnlyForDeploymentPostprocessing = 0;
		};
/* End PBXFrameworksBuildPhase section */

/* Begin PBXGroup section */
		0C588DE622049B75007433EC = {
			isa = PBXGroup;
			children = (
				0C588DF122049B75007433EC /* UNIHub beta */,
				0C588E0922049B79007433EC /* UNIHub betaTests */,
				0C588E1422049B79007433EC /* UNIHub betaUITests */,
				0C588DF022049B75007433EC /* Products */,
				B9AC7124F4A8D1F30E0CBC02 /* Pods */,
				BAE3313E2CFD6FCFEFA708FE /* Frameworks */,
			);
			sourceTree = "<group>";
		};
		0C588DF022049B75007433EC /* Products */ = {
			isa = PBXGroup;
			children = (
				0C588DEF22049B75007433EC /* UNIHub beta.app */,
				0C588E0622049B79007433EC /* UNIHub betaTests.xctest */,
				0C588E1122049B79007433EC /* UNIHub betaUITests.xctest */,
			);
			name = Products;
			sourceTree = "<group>";
		};
		0C588DF122049B75007433EC /* UNIHub beta */ = {
			isa = PBXGroup;
			children = (
				0C588DF222049B76007433EC /* AppDelegate.swift */,
				0C588DF422049B76007433EC /* ViewController.swift */,
				2D57FCBF22049F6D00F2AB7D /* LogInViewController.swift */,
				2D57FCC122049FD400F2AB7D /* SignUpViewController.swift */,
				2D57FCC32204A00F00F2AB7D /* ApplicantProfileViewController.swift */,
				2D57FCC92204A16A00F2AB7D /* ChecklistViewController.swift */,
				2D57FCC72204A12400F2AB7D /* CalendarViewController.swift */,
				2D57FCCB2204A19200F2AB7D /* CollegeProfileViewController.swift */,
				2D57FCC52204A0C500F2AB7D /* MainMenuViewController.swift */,
				0C588DF622049B76007433EC /* Main.storyboard */,
				0C588DFC22049B79007433EC /* Assets.xcassets */,
				0C588DFE22049B79007433EC /* LaunchScreen.storyboard */,
				0C588E0122049B79007433EC /* Info.plist */,
				0CDA3B1B22049D99000F329A /* GoogleService-Info.plist */,
				0C588DF922049B76007433EC /* UNIHub_beta.xcdatamodeld */,
			);
			path = "UNIHub beta";
			sourceTree = "<group>";
		};
		0C588E0922049B79007433EC /* UNIHub betaTests */ = {
			isa = PBXGroup;
			children = (
				0C588E0A22049B79007433EC /* UNIHub_betaTests.swift */,
				0C588E0C22049B79007433EC /* Info.plist */,
			);
			path = "UNIHub betaTests";
			sourceTree = "<group>";
		};
		0C588E1422049B79007433EC /* UNIHub betaUITests */ = {
			isa = PBXGroup;
			children = (
				0C588E1522049B79007433EC /* UNIHub_betaUITests.swift */,
				0C588E1722049B79007433EC /* Info.plist */,
			);
			path = "UNIHub betaUITests";
			sourceTree = "<group>";
		};
		B9AC7124F4A8D1F30E0CBC02 /* Pods */ = {
			isa = PBXGroup;
			children = (
				3A7603F081FC770805788AC5 /* Pods-UNIHub beta.debug.xcconfig */,
				821DF62333C23EEF12B5F9B1 /* Pods-UNIHub beta.release.xcconfig */,
			);
			name = Pods;
			sourceTree = "<group>";
		};
		BAE3313E2CFD6FCFEFA708FE /* Frameworks */ = {
			isa = PBXGroup;
			children = (
				4DC81BD023E04769601F5144 /* Pods_UNIHub_beta.framework */,
			);
			name = Frameworks;
			sourceTree = "<group>";
		};
/* End PBXGroup section */

/* Begin PBXNativeTarget section */
		0C588DEE22049B75007433EC /* UNIHub beta */ = {
			isa = PBXNativeTarget;
			buildConfigurationList = 0C588E1A22049B79007433EC /* Build configuration list for PBXNativeTarget "UNIHub beta" */;
			buildPhases = (
				FCA26D50E4C442D15EAE7F88 /* [CP] Check Pods Manifest.lock */,
				0C588DEB22049B75007433EC /* Sources */,
				0C588DEC22049B75007433EC /* Frameworks */,
				0C588DED22049B75007433EC /* Resources */,
				D37B060D31C2E1B040C49067 /* [CP] Embed Pods Frameworks */,
			);
			buildRules = (
			);
			dependencies = (
			);
			name = "UNIHub beta";
			productName = "UNIHub beta";
			productReference = 0C588DEF22049B75007433EC /* UNIHub beta.app */;
			productType = "com.apple.product-type.application";
		};
		0C588E0522049B79007433EC /* UNIHub betaTests */ = {
			isa = PBXNativeTarget;
			buildConfigurationList = 0C588E1D22049B79007433EC /* Build configuration list for PBXNativeTarget "UNIHub betaTests" */;
			buildPhases = (
				0C588E0222049B79007433EC /* Sources */,
				0C588E0322049B79007433EC /* Frameworks */,
				0C588E0422049B79007433EC /* Resources */,
			);
			buildRules = (
			);
			dependencies = (
				0C588E0822049B79007433EC /* PBXTargetDependency */,
			);
			name = "UNIHub betaTests";
			productName = "UNIHub betaTests";
			productReference = 0C588E0622049B79007433EC /* UNIHub betaTests.xctest */;
			productType = "com.apple.product-type.bundle.unit-test";
		};
		0C588E1022049B79007433EC /* UNIHub betaUITests */ = {
			isa = PBXNativeTarget;
			buildConfigurationList = 0C588E2022049B79007433EC /* Build configuration list for PBXNativeTarget "UNIHub betaUITests" */;
			buildPhases = (
				0C588E0D22049B79007433EC /* Sources */,
				0C588E0E22049B79007433EC /* Frameworks */,
				0C588E0F22049B79007433EC /* Resources */,
			);
			buildRules = (
			);
			dependencies = (
				0C588E1322049B79007433EC /* PBXTargetDependency */,
			);
			name = "UNIHub betaUITests";
			productName = "UNIHub betaUITests";
			productReference = 0C588E1122049B79007433EC /* UNIHub betaUITests.xctest */;
			productType = "com.apple.product-type.bundle.ui-testing";
		};
/* End PBXNativeTarget section */

/* Begin PBXProject section */
		0C588DE722049B75007433EC /* Project object */ = {
			isa = PBXProject;
			attributes = {
				LastSwiftUpdateCheck = 1010;
				LastUpgradeCheck = 1010;
				ORGANIZATIONNAME = "Melissa Gingold (student LM)";
				TargetAttributes = {
					0C588DEE22049B75007433EC = {
						CreatedOnToolsVersion = 10.1;
					};
					0C588E0522049B79007433EC = {
						CreatedOnToolsVersion = 10.1;
						TestTargetID = 0C588DEE22049B75007433EC;
					};
					0C588E1022049B79007433EC = {
						CreatedOnToolsVersion = 10.1;
						TestTargetID = 0C588DEE22049B75007433EC;
					};
				};
			};
			buildConfigurationList = 0C588DEA22049B75007433EC /* Build configuration list for PBXProject "UNIHub beta" */;
			compatibilityVersion = "Xcode 9.3";
			developmentRegion = en;
			hasScannedForEncodings = 0;
			knownRegions = (
				en,
				Base,
			);
			mainGroup = 0C588DE622049B75007433EC;
			productRefGroup = 0C588DF022049B75007433EC /* Products */;
			projectDirPath = "";
			projectRoot = "";
			targets = (
				0C588DEE22049B75007433EC /* UNIHub beta */,
				0C588E0522049B79007433EC /* UNIHub betaTests */,
				0C588E1022049B79007433EC /* UNIHub betaUITests */,
			);
		};
/* End PBXProject section */

/* Begin PBXResourcesBuildPhase section */
		0C588DED22049B75007433EC /* Resources */ = {
			isa = PBXResourcesBuildPhase;
			buildActionMask = 2147483647;
			files = (
				0C588E0022049B79007433EC /* LaunchScreen.storyboard in Resources */,
				0C588DFD22049B79007433EC /* Assets.xcassets in Resources */,
				0C588DF822049B76007433EC /* Main.storyboard in Resources */,
				0CDA3B1C22049D99000F329A /* GoogleService-Info.plist in Resources */,
			);
			runOnlyForDeploymentPostprocessing = 0;
		};
		0C588E0422049B79007433EC /* Resources */ = {
			isa = PBXResourcesBuildPhase;
			buildActionMask = 2147483647;
			files = (
				0CDA3B1D22049D99000F329A /* GoogleService-Info.plist in Resources */,
			);
			runOnlyForDeploymentPostprocessing = 0;
		};
		0C588E0F22049B79007433EC /* Resources */ = {
			isa = PBXResourcesBuildPhase;
			buildActionMask = 2147483647;
			files = (
				0CDA3B1E22049D99000F329A /* GoogleService-Info.plist in Resources */,
			);
			runOnlyForDeploymentPostprocessing = 0;
		};
/* End PBXResourcesBuildPhase section */

/* Begin PBXShellScriptBuildPhase section */
		D37B060D31C2E1B040C49067 /* [CP] Embed Pods Frameworks */ = {
			isa = PBXShellScriptBuildPhase;
			buildActionMask = 2147483647;
			files = (
			);
			inputFileListPaths = (
			);
			inputPaths = (
				"${SRCROOT}/Pods/Target Support Files/Pods-UNIHub beta/Pods-UNIHub beta-frameworks.sh",
				"${BUILT_PRODUCTS_DIR}/GTMSessionFetcher/GTMSessionFetcher.framework",
				"${BUILT_PRODUCTS_DIR}/GoogleUtilities/GoogleUtilities.framework",
				"${BUILT_PRODUCTS_DIR}/leveldb-library/leveldb.framework",
				"${BUILT_PRODUCTS_DIR}/nanopb/nanopb.framework",
			);
			name = "[CP] Embed Pods Frameworks";
			outputFileListPaths = (
			);
			outputPaths = (
				"${TARGET_BUILD_DIR}/${FRAMEWORKS_FOLDER_PATH}/GTMSessionFetcher.framework",
				"${TARGET_BUILD_DIR}/${FRAMEWORKS_FOLDER_PATH}/GoogleUtilities.framework",
				"${TARGET_BUILD_DIR}/${FRAMEWORKS_FOLDER_PATH}/leveldb.framework",
				"${TARGET_BUILD_DIR}/${FRAMEWORKS_FOLDER_PATH}/nanopb.framework",
			);
			runOnlyForDeploymentPostprocessing = 0;
			shellPath = /bin/sh;
			shellScript = "\"${SRCROOT}/Pods/Target Support Files/Pods-UNIHub beta/Pods-UNIHub beta-frameworks.sh\"\n";
			showEnvVarsInLog = 0;
		};
		FCA26D50E4C442D15EAE7F88 /* [CP] Check Pods Manifest.lock */ = {
			isa = PBXShellScriptBuildPhase;
			buildActionMask = 2147483647;
			files = (
			);
			inputFileListPaths = (
			);
			inputPaths = (
				"${PODS_PODFILE_DIR_PATH}/Podfile.lock",
				"${PODS_ROOT}/Manifest.lock",
			);
			name = "[CP] Check Pods Manifest.lock";
			outputFileListPaths = (
			);
			outputPaths = (
				"$(DERIVED_FILE_DIR)/Pods-UNIHub beta-checkManifestLockResult.txt",
			);
			runOnlyForDeploymentPostprocessing = 0;
			shellPath = /bin/sh;
			shellScript = "diff \"${PODS_PODFILE_DIR_PATH}/Podfile.lock\" \"${PODS_ROOT}/Manifest.lock\" > /dev/null\nif [ $? != 0 ] ; then\n    # print error to STDERR\n    echo \"error: The sandbox is not in sync with the Podfile.lock. Run 'pod install' or update your CocoaPods installation.\" >&2\n    exit 1\nfi\n# This output is used by Xcode 'outputs' to avoid re-running this script phase.\necho \"SUCCESS\" > \"${SCRIPT_OUTPUT_FILE_0}\"\n";
			showEnvVarsInLog = 0;
		};
/* End PBXShellScriptBuildPhase section */

/* Begin PBXSourcesBuildPhase section */
		0C588DEB22049B75007433EC /* Sources */ = {
			isa = PBXSourcesBuildPhase;
			buildActionMask = 2147483647;
			files = (
				2D57FCC82204A12400F2AB7D /* CalendarViewController.swift in Sources */,
				2D57FCCA2204A16A00F2AB7D /* ChecklistViewController.swift in Sources */,
				2D57FCCC2204A19200F2AB7D /* CollegeProfileViewController.swift in Sources */,
				2D57FCC022049F6D00F2AB7D /* LogInViewController.swift in Sources */,
				0C588DF522049B76007433EC /* ViewController.swift in Sources */,
				0C588DFB22049B76007433EC /* UNIHub_beta.xcdatamodeld in Sources */,
				0C588DF322049B76007433EC /* AppDelegate.swift in Sources */,
				2D57FCC62204A0C500F2AB7D /* MainMenuViewController.swift in Sources */,
				2D57FCC222049FD400F2AB7D /* SignUpViewController.swift in Sources */,
				2D57FCC42204A00F00F2AB7D /* ApplicantProfileViewController.swift in Sources */,
			);
			runOnlyForDeploymentPostprocessing = 0;
		};
		0C588E0222049B79007433EC /* Sources */ = {
			isa = PBXSourcesBuildPhase;
			buildActionMask = 2147483647;
			files = (
				0C588E0B22049B79007433EC /* UNIHub_betaTests.swift in Sources */,
			);
			runOnlyForDeploymentPostprocessing = 0;
		};
		0C588E0D22049B79007433EC /* Sources */ = {
			isa = PBXSourcesBuildPhase;
			buildActionMask = 2147483647;
			files = (
				0C588E1622049B79007433EC /* UNIHub_betaUITests.swift in Sources */,
			);
			runOnlyForDeploymentPostprocessing = 0;
		};
/* End PBXSourcesBuildPhase section */

/* Begin PBXTargetDependency section */
		0C588E0822049B79007433EC /* PBXTargetDependency */ = {
			isa = PBXTargetDependency;
			target = 0C588DEE22049B75007433EC /* UNIHub beta */;
			targetProxy = 0C588E0722049B79007433EC /* PBXContainerItemProxy */;
		};
		0C588E1322049B79007433EC /* PBXTargetDependency */ = {
			isa = PBXTargetDependency;
			target = 0C588DEE22049B75007433EC /* UNIHub beta */;
			targetProxy = 0C588E1222049B79007433EC /* PBXContainerItemProxy */;
		};
/* End PBXTargetDependency section */

/* Begin PBXVariantGroup section */
		0C588DF622049B76007433EC /* Main.storyboard */ = {
			isa = PBXVariantGroup;
			children = (
				0C588DF722049B76007433EC /* Base */,
			);
			name = Main.storyboard;
			sourceTree = "<group>";
		};
		0C588DFE22049B79007433EC /* LaunchScreen.storyboard */ = {
			isa = PBXVariantGroup;
			children = (
				0C588DFF22049B79007433EC /* Base */,
			);
			name = LaunchScreen.storyboard;
			sourceTree = "<group>";
		};
/* End PBXVariantGroup section */

/* Begin XCBuildConfiguration section */
		0C588E1822049B79007433EC /* Debug */ = {
			isa = XCBuildConfiguration;
			buildSettings = {
				ALWAYS_SEARCH_USER_PATHS = NO;
				CLANG_ANALYZER_NONNULL = YES;
				CLANG_ANALYZER_NUMBER_OBJECT_CONVERSION = YES_AGGRESSIVE;
				CLANG_CXX_LANGUAGE_STANDARD = "gnu++14";
				CLANG_CXX_LIBRARY = "libc++";
				CLANG_ENABLE_MODULES = YES;
				CLANG_ENABLE_OBJC_ARC = YES;
				CLANG_ENABLE_OBJC_WEAK = YES;
				CLANG_WARN_BLOCK_CAPTURE_AUTORELEASING = YES;
				CLANG_WARN_BOOL_CONVERSION = YES;
				CLANG_WARN_COMMA = YES;
				CLANG_WARN_CONSTANT_CONVERSION = YES;
				CLANG_WARN_DEPRECATED_OBJC_IMPLEMENTATIONS = YES;
				CLANG_WARN_DIRECT_OBJC_ISA_USAGE = YES_ERROR;
				CLANG_WARN_DOCUMENTATION_COMMENTS = YES;
				CLANG_WARN_EMPTY_BODY = YES;
				CLANG_WARN_ENUM_CONVERSION = YES;
				CLANG_WARN_INFINITE_RECURSION = YES;
				CLANG_WARN_INT_CONVERSION = YES;
				CLANG_WARN_NON_LITERAL_NULL_CONVERSION = YES;
				CLANG_WARN_OBJC_IMPLICIT_RETAIN_SELF = YES;
				CLANG_WARN_OBJC_LITERAL_CONVERSION = YES;
				CLANG_WARN_OBJC_ROOT_CLASS = YES_ERROR;
				CLANG_WARN_RANGE_LOOP_ANALYSIS = YES;
				CLANG_WARN_STRICT_PROTOTYPES = YES;
				CLANG_WARN_SUSPICIOUS_MOVE = YES;
				CLANG_WARN_UNGUARDED_AVAILABILITY = YES_AGGRESSIVE;
				CLANG_WARN_UNREACHABLE_CODE = YES;
				CLANG_WARN__DUPLICATE_METHOD_MATCH = YES;
				CODE_SIGN_IDENTITY = "iPhone Developer";
				COPY_PHASE_STRIP = NO;
				DEBUG_INFORMATION_FORMAT = dwarf;
				ENABLE_STRICT_OBJC_MSGSEND = YES;
				ENABLE_TESTABILITY = YES;
				GCC_C_LANGUAGE_STANDARD = gnu11;
				GCC_DYNAMIC_NO_PIC = NO;
				GCC_NO_COMMON_BLOCKS = YES;
				GCC_OPTIMIZATION_LEVEL = 0;
				GCC_PREPROCESSOR_DEFINITIONS = (
					"DEBUG=1",
					"$(inherited)",
				);
				GCC_WARN_64_TO_32_BIT_CONVERSION = YES;
				GCC_WARN_ABOUT_RETURN_TYPE = YES_ERROR;
				GCC_WARN_UNDECLARED_SELECTOR = YES;
				GCC_WARN_UNINITIALIZED_AUTOS = YES_AGGRESSIVE;
				GCC_WARN_UNUSED_FUNCTION = YES;
				GCC_WARN_UNUSED_VARIABLE = YES;
				IPHONEOS_DEPLOYMENT_TARGET = 12.1;
				MTL_ENABLE_DEBUG_INFO = INCLUDE_SOURCE;
				MTL_FAST_MATH = YES;
				ONLY_ACTIVE_ARCH = YES;
				SDKROOT = iphoneos;
				SWIFT_ACTIVE_COMPILATION_CONDITIONS = DEBUG;
				SWIFT_OPTIMIZATION_LEVEL = "-Onone";
			};
			name = Debug;
		};
		0C588E1922049B79007433EC /* Release */ = {
			isa = XCBuildConfiguration;
			buildSettings = {
				ALWAYS_SEARCH_USER_PATHS = NO;
				CLANG_ANALYZER_NONNULL = YES;
				CLANG_ANALYZER_NUMBER_OBJECT_CONVERSION = YES_AGGRESSIVE;
				CLANG_CXX_LANGUAGE_STANDARD = "gnu++14";
				CLANG_CXX_LIBRARY = "libc++";
				CLANG_ENABLE_MODULES = YES;
				CLANG_ENABLE_OBJC_ARC = YES;
				CLANG_ENABLE_OBJC_WEAK = YES;
				CLANG_WARN_BLOCK_CAPTURE_AUTORELEASING = YES;
				CLANG_WARN_BOOL_CONVERSION = YES;
				CLANG_WARN_COMMA = YES;
				CLANG_WARN_CONSTANT_CONVERSION = YES;
				CLANG_WARN_DEPRECATED_OBJC_IMPLEMENTATIONS = YES;
				CLANG_WARN_DIRECT_OBJC_ISA_USAGE = YES_ERROR;
				CLANG_WARN_DOCUMENTATION_COMMENTS = YES;
				CLANG_WARN_EMPTY_BODY = YES;
				CLANG_WARN_ENUM_CONVERSION = YES;
				CLANG_WARN_INFINITE_RECURSION = YES;
				CLANG_WARN_INT_CONVERSION = YES;
				CLANG_WARN_NON_LITERAL_NULL_CONVERSION = YES;
				CLANG_WARN_OBJC_IMPLICIT_RETAIN_SELF = YES;
				CLANG_WARN_OBJC_LITERAL_CONVERSION = YES;
				CLANG_WARN_OBJC_ROOT_CLASS = YES_ERROR;
				CLANG_WARN_RANGE_LOOP_ANALYSIS = YES;
				CLANG_WARN_STRICT_PROTOTYPES = YES;
				CLANG_WARN_SUSPICIOUS_MOVE = YES;
				CLANG_WARN_UNGUARDED_AVAILABILITY = YES_AGGRESSIVE;
				CLANG_WARN_UNREACHABLE_CODE = YES;
				CLANG_WARN__DUPLICATE_METHOD_MATCH = YES;
				CODE_SIGN_IDENTITY = "iPhone Developer";
				COPY_PHASE_STRIP = NO;
				DEBUG_INFORMATION_FORMAT = "dwarf-with-dsym";
				ENABLE_NS_ASSERTIONS = NO;
				ENABLE_STRICT_OBJC_MSGSEND = YES;
				GCC_C_LANGUAGE_STANDARD = gnu11;
				GCC_NO_COMMON_BLOCKS = YES;
				GCC_WARN_64_TO_32_BIT_CONVERSION = YES;
				GCC_WARN_ABOUT_RETURN_TYPE = YES_ERROR;
				GCC_WARN_UNDECLARED_SELECTOR = YES;
				GCC_WARN_UNINITIALIZED_AUTOS = YES_AGGRESSIVE;
				GCC_WARN_UNUSED_FUNCTION = YES;
				GCC_WARN_UNUSED_VARIABLE = YES;
				IPHONEOS_DEPLOYMENT_TARGET = 12.1;
				MTL_ENABLE_DEBUG_INFO = NO;
				MTL_FAST_MATH = YES;
				SDKROOT = iphoneos;
				SWIFT_COMPILATION_MODE = wholemodule;
				SWIFT_OPTIMIZATION_LEVEL = "-O";
				VALIDATE_PRODUCT = YES;
			};
			name = Release;
		};
		0C588E1B22049B79007433EC /* Debug */ = {
			isa = XCBuildConfiguration;
			baseConfigurationReference = 3A7603F081FC770805788AC5 /* Pods-UNIHub beta.debug.xcconfig */;
			buildSettings = {
				ASSETCATALOG_COMPILER_APPICON_NAME = AppIcon;
				CODE_SIGN_STYLE = Automatic;
				INFOPLIST_FILE = "UNIHub beta/Info.plist";
				LD_RUNPATH_SEARCH_PATHS = (
					"$(inherited)",
					"@executable_path/Frameworks",
				);
				PRODUCT_BUNDLE_IDENTIFIER = "Gingold-Melissa.UNIHub-beta";
				PRODUCT_NAME = "$(TARGET_NAME)";
				SWIFT_VERSION = 4.2;
				TARGETED_DEVICE_FAMILY = "1,2";
			};
			name = Debug;
		};
		0C588E1C22049B79007433EC /* Release */ = {
			isa = XCBuildConfiguration;
			baseConfigurationReference = 821DF62333C23EEF12B5F9B1 /* Pods-UNIHub beta.release.xcconfig */;
			buildSettings = {
				ASSETCATALOG_COMPILER_APPICON_NAME = AppIcon;
				CODE_SIGN_STYLE = Automatic;
				INFOPLIST_FILE = "UNIHub beta/Info.plist";
				LD_RUNPATH_SEARCH_PATHS = (
					"$(inherited)",
					"@executable_path/Frameworks",
				);
				PRODUCT_BUNDLE_IDENTIFIER = "Gingold-Melissa.UNIHub-beta";
				PRODUCT_NAME = "$(TARGET_NAME)";
				SWIFT_VERSION = 4.2;
				TARGETED_DEVICE_FAMILY = "1,2";
			};
			name = Release;
		};
		0C588E1E22049B79007433EC /* Debug */ = {
			isa = XCBuildConfiguration;
			buildSettings = {
				ALWAYS_EMBED_SWIFT_STANDARD_LIBRARIES = YES;
				BUNDLE_LOADER = "$(TEST_HOST)";
				CODE_SIGN_STYLE = Automatic;
				INFOPLIST_FILE = "UNIHub betaTests/Info.plist";
				LD_RUNPATH_SEARCH_PATHS = (
					"$(inherited)",
					"@executable_path/Frameworks",
					"@loader_path/Frameworks",
				);
				PRODUCT_BUNDLE_IDENTIFIER = "Gingold-Melissa.UNIHub-betaTests";
				PRODUCT_NAME = "$(TARGET_NAME)";
				SWIFT_VERSION = 4.2;
				TARGETED_DEVICE_FAMILY = "1,2";
				TEST_HOST = "$(BUILT_PRODUCTS_DIR)/UNIHub beta.app/UNIHub beta";
			};
			name = Debug;
		};
		0C588E1F22049B79007433EC /* Release */ = {
			isa = XCBuildConfiguration;
			buildSettings = {
				ALWAYS_EMBED_SWIFT_STANDARD_LIBRARIES = YES;
				BUNDLE_LOADER = "$(TEST_HOST)";
				CODE_SIGN_STYLE = Automatic;
				INFOPLIST_FILE = "UNIHub betaTests/Info.plist";
				LD_RUNPATH_SEARCH_PATHS = (
					"$(inherited)",
					"@executable_path/Frameworks",
					"@loader_path/Frameworks",
				);
				PRODUCT_BUNDLE_IDENTIFIER = "Gingold-Melissa.UNIHub-betaTests";
				PRODUCT_NAME = "$(TARGET_NAME)";
				SWIFT_VERSION = 4.2;
				TARGETED_DEVICE_FAMILY = "1,2";
				TEST_HOST = "$(BUILT_PRODUCTS_DIR)/UNIHub beta.app/UNIHub beta";
			};
			name = Release;
		};
		0C588E2122049B79007433EC /* Debug */ = {
			isa = XCBuildConfiguration;
			buildSettings = {
				ALWAYS_EMBED_SWIFT_STANDARD_LIBRARIES = YES;
				CODE_SIGN_STYLE = Automatic;
				INFOPLIST_FILE = "UNIHub betaUITests/Info.plist";
				LD_RUNPATH_SEARCH_PATHS = (
					"$(inherited)",
					"@executable_path/Frameworks",
					"@loader_path/Frameworks",
				);
				PRODUCT_BUNDLE_IDENTIFIER = "Gingold-Melissa.UNIHub-betaUITests";
				PRODUCT_NAME = "$(TARGET_NAME)";
				SWIFT_VERSION = 4.2;
				TARGETED_DEVICE_FAMILY = "1,2";
				TEST_TARGET_NAME = "UNIHub beta";
			};
			name = Debug;
		};
		0C588E2222049B79007433EC /* Release */ = {
			isa = XCBuildConfiguration;
			buildSettings = {
				ALWAYS_EMBED_SWIFT_STANDARD_LIBRARIES = YES;
				CODE_SIGN_STYLE = Automatic;
				INFOPLIST_FILE = "UNIHub betaUITests/Info.plist";
				LD_RUNPATH_SEARCH_PATHS = (
					"$(inherited)",
					"@executable_path/Frameworks",
					"@loader_path/Frameworks",
				);
				PRODUCT_BUNDLE_IDENTIFIER = "Gingold-Melissa.UNIHub-betaUITests";
				PRODUCT_NAME = "$(TARGET_NAME)";
				SWIFT_VERSION = 4.2;
				TARGETED_DEVICE_FAMILY = "1,2";
				TEST_TARGET_NAME = "UNIHub beta";
			};
			name = Release;
		};
/* End XCBuildConfiguration section */

/* Begin XCConfigurationList section */
		0C588DEA22049B75007433EC /* Build configuration list for PBXProject "UNIHub beta" */ = {
			isa = XCConfigurationList;
			buildConfigurations = (
				0C588E1822049B79007433EC /* Debug */,
				0C588E1922049B79007433EC /* Release */,
			);
			defaultConfigurationIsVisible = 0;
			defaultConfigurationName = Release;
		};
		0C588E1A22049B79007433EC /* Build configuration list for PBXNativeTarget "UNIHub beta" */ = {
			isa = XCConfigurationList;
			buildConfigurations = (
				0C588E1B22049B79007433EC /* Debug */,
				0C588E1C22049B79007433EC /* Release */,
			);
			defaultConfigurationIsVisible = 0;
			defaultConfigurationName = Release;
		};
		0C588E1D22049B79007433EC /* Build configuration list for PBXNativeTarget "UNIHub betaTests" */ = {
			isa = XCConfigurationList;
			buildConfigurations = (
				0C588E1E22049B79007433EC /* Debug */,
				0C588E1F22049B79007433EC /* Release */,
			);
			defaultConfigurationIsVisible = 0;
			defaultConfigurationName = Release;
		};
		0C588E2022049B79007433EC /* Build configuration list for PBXNativeTarget "UNIHub betaUITests" */ = {
			isa = XCConfigurationList;
			buildConfigurations = (
				0C588E2122049B79007433EC /* Debug */,
				0C588E2222049B79007433EC /* Release */,
			);
			defaultConfigurationIsVisible = 0;
			defaultConfigurationName = Release;
		};
/* End XCConfigurationList section */

/* Begin XCVersionGroup section */
		0C588DF922049B76007433EC /* UNIHub_beta.xcdatamodeld */ = {
			isa = XCVersionGroup;
			children = (
				0C588DFA22049B76007433EC /* UNIHub_beta.xcdatamodel */,
			);
			currentVersion = 0C588DFA22049B76007433EC /* UNIHub_beta.xcdatamodel */;
			path = UNIHub_beta.xcdatamodeld;
			sourceTree = "<group>";
			versionGroupType = wrapper.xcdatamodel;
		};
/* End XCVersionGroup section */
	};
	rootObject = 0C588DE722049B75007433EC /* Project object */;
}
